// !$*UTF8*$!
{
	archiveVersion = 1;
	classes = {
	};
	objectVersion = 56;
	objects = {

/* Begin PBXBuildFile section */
		AB1000000000000000000002 = {isa = PBXBuildFile; fileRef = AB1000000000000000000001 /* MarioApp.swift */; };
		AB1000000000000000000004 = {isa = PBXBuildFile; fileRef = AB1000000000000000000003 /* ContentView.swift */; };
		AB1000000000000000000006 = {isa = PBXBuildFile; fileRef = AB1000000000000000000005 /* GameScene.swift */; };
		AB1000000000000000000008 = {isa = PBXBuildFile; fileRef = AB1000000000000000000007 /* HUDOverlay.swift */; };
		AB100000000000000000000A = {isa = PBXBuildFile; fileRef = AB1000000000000000000009 /* TouchControls.swift */; };
		AB100000000000000000000C = {isa = PBXBuildFile; fileRef = AB100000000000000000000B /* ButtonNode.swift */; };
		AB100000000000000000000E = {isa = PBXBuildFile; fileRef = AB100000000000000000000D /* MenuScene.swift */; };
		AB1000000000000000000010 = {isa = PBXBuildFile; fileRef = AB100000000000000000000F /* LevelSelectScene.swift */; };
		AB1000000000000000000012 = {isa = PBXBuildFile; fileRef = AB1000000000000000000011 /* ParallaxBackground.swift */; };
		AB1000000000000000000014 = {isa = PBXBuildFile; fileRef = AB1000000000000000000013 /* SettingsScene.swift */; };
		AB1000000000000000000016 = {isa = PBXBuildFile; fileRef = AB1000000000000000000015 /* Player.swift */; };
		AB1000000000000000000018 = {isa = PBXBuildFile; fileRef = AB1000000000000000000017 /* Enemy.swift */; };
		AB100000000000000000001A = {isa = PBXBuildFile; fileRef = AB1000000000000000000019 /* KoopaEnemy.swift */; };
		AB100000000000000000001C = {isa = PBXBuildFile; fileRef = AB100000000000000000001B /* FlyingEnemy.swift */; };
		AB100000000000000000001E = {isa = PBXBuildFile; fileRef = AB100000000000000000001D /* Coin.swift */; };
		AB1000000000000000000020 = {isa = PBXBuildFile; fileRef = AB100000000000000000001F /* Flag.swift */; };
		AB1000000000000000000022 = {isa = PBXBuildFile; fileRef = AB1000000000000000000021 /* Mushroom.swift */; };
		AB1000000000000000000024 = {isa = PBXBuildFile; fileRef = AB1000000000000000000023 /* FireFlower.swift */; };
		AB1000000000000000000026 = {isa = PBXBuildFile; fileRef = AB1000000000000000000025 /* Fireball.swift */; };
		AB1000000000000000000028 = {isa = PBXBuildFile; fileRef = AB1000000000000000000027 /* QuestionBlock.swift */; };
		AB100000000000000000002A = {isa = PBXBuildFile; fileRef = AB1000000000000000000029 /* PhysicsCategories.swift */; };
		AB100000000000000000002C = {isa = PBXBuildFile; fileRef = AB100000000000000000002B /* InputState.swift */; };
		AB100000000000000000002E = {isa = PBXBuildFile; fileRef = AB100000000000000000002D /* LevelLoader.swift */; };
		AB1000000000000000000030 = {isa = PBXBuildFile; fileRef = AB100000000000000000002F /* ProgressStore.swift */; };
		AB1000000000000000000032 = {isa = PBXBuildFile; fileRef = AB1000000000000000000031 /* GameConfig.swift */; };
		AB1000000000000000000034 = {isa = PBXBuildFile; fileRef = AB1000000000000000000033 /* SceneRouter.swift */; };
		AB1000000000000000000036 = {isa = PBXBuildFile; fileRef = AB1000000000000000000035 /* AudioManager.swift */; };
		AB1000000000000000000038 = {isa = PBXBuildFile; fileRef = AB1000000000000000000037 /* AnimationLibrary.swift */; };
		AB100000000000000000003A = {isa = PBXBuildFile; fileRef = AB1000000000000000000039 /* SettingsStore.swift */; };
		AB100000000000000000003C = {isa = PBXBuildFile; fileRef = AB100000000000000000003B /* HapticManager.swift */; };
		AB100000000000000000003E = {isa = PBXBuildFile; fileRef = AB100000000000000000003D /* GameCenterManager.swift */; };
		AB1000000000000000000040 = {isa = PBXBuildFile; fileRef = AB100000000000000000003F /* level-1-1.json */; };
		AB1000000000000000000042 = {isa = PBXBuildFile; fileRef = AB1000000000000000000041 /* level-1-2.json */; };
		AB1000000000000000000044 = {isa = PBXBuildFile; fileRef = AB1000000000000000000043 /* level-1-3.json */; };
		AB1000000000000000000046 = {isa = PBXBuildFile; fileRef = AB1000000000000000000045 /* level-1-4.json */; };
		AB1000000000000000000048 = {isa = PBXBuildFile; fileRef = AB1000000000000000000047 /* level-1-5.json */; };
		AB100000000000000000004A = {isa = PBXBuildFile; fileRef = AB1000000000000000000049 /* bgm.wav */; };
		AB100000000000000000004C = {isa = PBXBuildFile; fileRef = AB100000000000000000004B /* brick.wav */; };
		AB100000000000000000004E = {isa = PBXBuildFile; fileRef = AB100000000000000000004D /* coin.wav */; };
		AB1000000000000000000050 = {isa = PBXBuildFile; fileRef = AB100000000000000000004F /* death.wav */; };
		AB1000000000000000000052 = {isa = PBXBuildFile; fileRef = AB1000000000000000000051 /* fireball.wav */; };
		AB1000000000000000000054 = {isa = PBXBuildFile; fileRef = AB1000000000000000000053 /* jump.wav */; };
		AB1000000000000000000056 = {isa = PBXBuildFile; fileRef = AB1000000000000000000055 /* powerup.wav */; };
		AB1000000000000000000058 = {isa = PBXBuildFile; fileRef = AB1000000000000000000057 /* stomp.wav */; };
		AB100000000000000000005A = {isa = PBXBuildFile; fileRef = AB1000000000000000000059 /* win.wav */; };
		AB100000000000000000005C = {isa = PBXBuildFile; fileRef = AB100000000000000000005B /* Assets.xcassets */; };
		PR1V00000000000000000002 = {isa = PBXBuildFile; fileRef = PR1V00000000000000000001 /* PrivacyInfo.xcprivacy */; };
		AB100000000000000000005E = {isa = PBXBuildFile; fileRef = AB100000000000000000005D /* InputStateTests.swift */; };
		AB1000000000000000000060 = {isa = PBXBuildFile; fileRef = AB100000000000000000005F /* LevelLoaderTests.swift */; };
		AB1000000000000000000062 = {isa = PBXBuildFile; fileRef = AB1000000000000000000061 /* PlayerTests.swift */; };
		AB1000000000000000000064 = {isa = PBXBuildFile; fileRef = AB1000000000000000000063 /* EnemyTests.swift */; };
		AB1000000000000000000066 = {isa = PBXBuildFile; fileRef = AB1000000000000000000065 /* ProgressStoreTests.swift */; };
		AB1000000000000000000068 = {isa = PBXBuildFile; fileRef = AB1000000000000000000067 /* PowerupTests.swift */; };
		AB100000000000000000006A = {isa = PBXBuildFile; fileRef = AB1000000000000000000069 /* QuestionBlockTests.swift */; };
		AB100000000000000000006C = {isa = PBXBuildFile; fileRef = AB100000000000000000006B /* AudioManagerTests.swift */; };
		AB100000000000000000006E = {isa = PBXBuildFile; fileRef = AB100000000000000000006D /* AnimationTests.swift */; };
		AB1000000000000000000070 = {isa = PBXBuildFile; fileRef = AB100000000000000000006F /* SettingsStoreTests.swift */; };
		AB1000000000000000000072 = {isa = PBXBuildFile; fileRef = AB1000000000000000000071 /* GameCenterManagerTests.swift */; };
/* End PBXBuildFile section */

/* Begin PBXContainerItemProxy section */
		AB1000000000000000000092 = {isa = PBXContainerItemProxy; containerPortal = AB1000000000000000000081 /* Project object */; proxyType = 1; remoteGlobalIDString = AB100000000000000000007F; remoteInfo = mario; };
/* End PBXContainerItemProxy section */

/* Begin PBXFileReference section */
		AB100000000000000000007D /* mario.app */ = {isa = PBXFileReference; explicitFileType = wrapper.application; includeInIndex = 0; path = mario.app; sourceTree = BUILT_PRODUCTS_DIR; };
		AB100000000000000000007E /* marioTests.xctest */ = {isa = PBXFileReference; explicitFileType = wrapper.cfbundle; includeInIndex = 0; path = marioTests.xctest; sourceTree = BUILT_PRODUCTS_DIR; };
		AB1000000000000000000001 /* MarioApp.swift */ = {isa = PBXFileReference; lastKnownFileType = sourcecode.swift; path = "MarioApp.swift"; sourceTree = "<group>"; };
		AB1000000000000000000003 /* ContentView.swift */ = {isa = PBXFileReference; lastKnownFileType = sourcecode.swift; path = "ContentView.swift"; sourceTree = "<group>"; };
		AB1000000000000000000005 /* GameScene.swift */ = {isa = PBXFileReference; lastKnownFileType = sourcecode.swift; path = "GameScene.swift"; sourceTree = "<group>"; };
		AB1000000000000000000007 /* HUDOverlay.swift */ = {isa = PBXFileReference; lastKnownFileType = sourcecode.swift; path = "HUDOverlay.swift"; sourceTree = "<group>"; };
		AB1000000000000000000009 /* TouchControls.swift */ = {isa = PBXFileReference; lastKnownFileType = sourcecode.swift; path = "TouchControls.swift"; sourceTree = "<group>"; };
		AB100000000000000000000B /* ButtonNode.swift */ = {isa = PBXFileReference; lastKnownFileType = sourcecode.swift; path = "ButtonNode.swift"; sourceTree = "<group>"; };
		AB100000000000000000000D /* MenuScene.swift */ = {isa = PBXFileReference; lastKnownFileType = sourcecode.swift; path = "MenuScene.swift"; sourceTree = "<group>"; };
		AB100000000000000000000F /* LevelSelectScene.swift */ = {isa = PBXFileReference; lastKnownFileType = sourcecode.swift; path = "LevelSelectScene.swift"; sourceTree = "<group>"; };
		AB1000000000000000000011 /* ParallaxBackground.swift */ = {isa = PBXFileReference; lastKnownFileType = sourcecode.swift; path = "ParallaxBackground.swift"; sourceTree = "<group>"; };
		AB1000000000000000000013 /* SettingsScene.swift */ = {isa = PBXFileReference; lastKnownFileType = sourcecode.swift; path = "SettingsScene.swift"; sourceTree = "<group>"; };
		AB1000000000000000000015 /* Player.swift */ = {isa = PBXFileReference; lastKnownFileType = sourcecode.swift; path = "Player.swift"; sourceTree = "<group>"; };
		AB1000000000000000000017 /* Enemy.swift */ = {isa = PBXFileReference; lastKnownFileType = sourcecode.swift; path = "Enemy.swift"; sourceTree = "<group>"; };
		AB1000000000000000000019 /* KoopaEnemy.swift */ = {isa = PBXFileReference; lastKnownFileType = sourcecode.swift; path = "KoopaEnemy.swift"; sourceTree = "<group>"; };
		AB100000000000000000001B /* FlyingEnemy.swift */ = {isa = PBXFileReference; lastKnownFileType = sourcecode.swift; path = "FlyingEnemy.swift"; sourceTree = "<group>"; };
		AB100000000000000000001D /* Coin.swift */ = {isa = PBXFileReference; lastKnownFileType = sourcecode.swift; path = "Coin.swift"; sourceTree = "<group>"; };
		AB100000000000000000001F /* Flag.swift */ = {isa = PBXFileReference; lastKnownFileType = sourcecode.swift; path = "Flag.swift"; sourceTree = "<group>"; };
		AB1000000000000000000021 /* Mushroom.swift */ = {isa = PBXFileReference; lastKnownFileType = sourcecode.swift; path = "Mushroom.swift"; sourceTree = "<group>"; };
		AB1000000000000000000023 /* FireFlower.swift */ = {isa = PBXFileReference; lastKnownFileType = sourcecode.swift; path = "FireFlower.swift"; sourceTree = "<group>"; };
		AB1000000000000000000025 /* Fireball.swift */ = {isa = PBXFileReference; lastKnownFileType = sourcecode.swift; path = "Fireball.swift"; sourceTree = "<group>"; };
		AB1000000000000000000027 /* QuestionBlock.swift */ = {isa = PBXFileReference; lastKnownFileType = sourcecode.swift; path = "QuestionBlock.swift"; sourceTree = "<group>"; };
		AB1000000000000000000029 /* PhysicsCategories.swift */ = {isa = PBXFileReference; lastKnownFileType = sourcecode.swift; path = "PhysicsCategories.swift"; sourceTree = "<group>"; };
		AB100000000000000000002B /* InputState.swift */ = {isa = PBXFileReference; lastKnownFileType = sourcecode.swift; path = "InputState.swift"; sourceTree = "<group>"; };
		AB100000000000000000002D /* LevelLoader.swift */ = {isa = PBXFileReference; lastKnownFileType = sourcecode.swift; path = "LevelLoader.swift"; sourceTree = "<group>"; };
		AB100000000000000000002F /* ProgressStore.swift */ = {isa = PBXFileReference; lastKnownFileType = sourcecode.swift; path = "ProgressStore.swift"; sourceTree = "<group>"; };
		AB1000000000000000000031 /* GameConfig.swift */ = {isa = PBXFileReference; lastKnownFileType = sourcecode.swift; path = "GameConfig.swift"; sourceTree = "<group>"; };
		AB1000000000000000000033 /* SceneRouter.swift */ = {isa = PBXFileReference; lastKnownFileType = sourcecode.swift; path = "SceneRouter.swift"; sourceTree = "<group>"; };
		AB1000000000000000000035 /* AudioManager.swift */ = {isa = PBXFileReference; lastKnownFileType = sourcecode.swift; path = "AudioManager.swift"; sourceTree = "<group>"; };
		AB1000000000000000000037 /* AnimationLibrary.swift */ = {isa = PBXFileReference; lastKnownFileType = sourcecode.swift; path = "AnimationLibrary.swift"; sourceTree = "<group>"; };
		AB1000000000000000000039 /* SettingsStore.swift */ = {isa = PBXFileReference; lastKnownFileType = sourcecode.swift; path = "SettingsStore.swift"; sourceTree = "<group>"; };
		AB100000000000000000003B /* HapticManager.swift */ = {isa = PBXFileReference; lastKnownFileType = sourcecode.swift; path = "HapticManager.swift"; sourceTree = "<group>"; };
		AB100000000000000000003D /* GameCenterManager.swift */ = {isa = PBXFileReference; lastKnownFileType = sourcecode.swift; path = "GameCenterManager.swift"; sourceTree = "<group>"; };
		AB100000000000000000003F /* level-1-1.json */ = {isa = PBXFileReference; lastKnownFileType = text.json; path = "level-1-1.json"; sourceTree = "<group>"; };
		AB1000000000000000000041 /* level-1-2.json */ = {isa = PBXFileReference; lastKnownFileType = text.json; path = "level-1-2.json"; sourceTree = "<group>"; };
		AB1000000000000000000043 /* level-1-3.json */ = {isa = PBXFileReference; lastKnownFileType = text.json; path = "level-1-3.json"; sourceTree = "<group>"; };
		AB1000000000000000000045 /* level-1-4.json */ = {isa = PBXFileReference; lastKnownFileType = text.json; path = "level-1-4.json"; sourceTree = "<group>"; };
		AB1000000000000000000047 /* level-1-5.json */ = {isa = PBXFileReference; lastKnownFileType = text.json; path = "level-1-5.json"; sourceTree = "<group>"; };
		AB1000000000000000000049 /* bgm.wav */ = {isa = PBXFileReference; lastKnownFileType = audio.wav; path = "bgm.wav"; sourceTree = "<group>"; };
		AB100000000000000000004B /* brick.wav */ = {isa = PBXFileReference; lastKnownFileType = audio.wav; path = "brick.wav"; sourceTree = "<group>"; };
		AB100000000000000000004D /* coin.wav */ = {isa = PBXFileReference; lastKnownFileType = audio.wav; path = "coin.wav"; sourceTree = "<group>"; };
		AB100000000000000000004F /* death.wav */ = {isa = PBXFileReference; lastKnownFileType = audio.wav; path = "death.wav"; sourceTree = "<group>"; };
		AB1000000000000000000051 /* fireball.wav */ = {isa = PBXFileReference; lastKnownFileType = audio.wav; path = "fireball.wav"; sourceTree = "<group>"; };
		AB1000000000000000000053 /* jump.wav */ = {isa = PBXFileReference; lastKnownFileType = audio.wav; path = "jump.wav"; sourceTree = "<group>"; };
		AB1000000000000000000055 /* powerup.wav */ = {isa = PBXFileReference; lastKnownFileType = audio.wav; path = "powerup.wav"; sourceTree = "<group>"; };
		AB1000000000000000000057 /* stomp.wav */ = {isa = PBXFileReference; lastKnownFileType = audio.wav; path = "stomp.wav"; sourceTree = "<group>"; };
		AB1000000000000000000059 /* win.wav */ = {isa = PBXFileReference; lastKnownFileType = audio.wav; path = "win.wav"; sourceTree = "<group>"; };
		AB100000000000000000005B /* Assets.xcassets */ = {isa = PBXFileReference; lastKnownFileType = folder.assetcatalog; path = "Assets.xcassets"; sourceTree = "<group>"; };
		PR1V00000000000000000001 /* PrivacyInfo.xcprivacy */ = {isa = PBXFileReference; lastKnownFileType = text.plist.xml; path = "PrivacyInfo.xcprivacy"; sourceTree = "<group>"; };
		AB100000000000000000005D /* InputStateTests.swift */ = {isa = PBXFileReference; lastKnownFileType = sourcecode.swift; path = "InputStateTests.swift"; sourceTree = "<group>"; };
		AB100000000000000000005F /* LevelLoaderTests.swift */ = {isa = PBXFileReference; lastKnownFileType = sourcecode.swift; path = "LevelLoaderTests.swift"; sourceTree = "<group>"; };
		AB1000000000000000000061 /* PlayerTests.swift */ = {isa = PBXFileReference; lastKnownFileType = sourcecode.swift; path = "PlayerTests.swift"; sourceTree = "<group>"; };
		AB1000000000000000000063 /* EnemyTests.swift */ = {isa = PBXFileReference; lastKnownFileType = sourcecode.swift; path = "EnemyTests.swift"; sourceTree = "<group>"; };
		AB1000000000000000000065 /* ProgressStoreTests.swift */ = {isa = PBXFileReference; lastKnownFileType = sourcecode.swift; path = "ProgressStoreTests.swift"; sourceTree = "<group>"; };
		AB1000000000000000000067 /* PowerupTests.swift */ = {isa = PBXFileReference; lastKnownFileType = sourcecode.swift; path = "PowerupTests.swift"; sourceTree = "<group>"; };
		AB1000000000000000000069 /* QuestionBlockTests.swift */ = {isa = PBXFileReference; lastKnownFileType = sourcecode.swift; path = "QuestionBlockTests.swift"; sourceTree = "<group>"; };
		AB100000000000000000006B /* AudioManagerTests.swift */ = {isa = PBXFileReference; lastKnownFileType = sourcecode.swift; path = "AudioManagerTests.swift"; sourceTree = "<group>"; };
		AB100000000000000000006D /* AnimationTests.swift */ = {isa = PBXFileReference; lastKnownFileType = sourcecode.swift; path = "AnimationTests.swift"; sourceTree = "<group>"; };
		AB100000000000000000006F /* SettingsStoreTests.swift */ = {isa = PBXFileReference; lastKnownFileType = sourcecode.swift; path = "SettingsStoreTests.swift"; sourceTree = "<group>"; };
		AB1000000000000000000071 /* GameCenterManagerTests.swift */ = {isa = PBXFileReference; lastKnownFileType = sourcecode.swift; path = "GameCenterManagerTests.swift"; sourceTree = "<group>"; };
/* End PBXFileReference section */

/* Begin PBXFrameworksBuildPhase section */
		AB1000000000000000000083 = {isa = PBXFrameworksBuildPhase; buildActionMask = 2147483647; files = (); runOnlyForDeploymentPostprocessing = 0; };
		AB1000000000000000000086 = {isa = PBXFrameworksBuildPhase; buildActionMask = 2147483647; files = (); runOnlyForDeploymentPostprocessing = 0; };
/* End PBXFrameworksBuildPhase section */

/* Begin PBXGroup section */
		AB100000000000000000007C = {isa = PBXGroup; children = ( AB1000000000000000000079 /* mario */, AB100000000000000000007A /* marioTests */, AB100000000000000000007B /* Products */ ); sourceTree = "<group>"; };
		AB100000000000000000007B /* Products */ = {isa = PBXGroup; children = ( AB100000000000000000007D /* mario.app */, AB100000000000000000007E /* marioTests.xctest */ ); name = Products; sourceTree = "<group>"; };
		AB1000000000000000000079 /* mario */ = {isa = PBXGroup; children = (
			AB1000000000000000000073 /* App */,
			AB1000000000000000000074 /* Scenes */,
			AB1000000000000000000075 /* Entities */,
			AB1000000000000000000076 /* Systems */,
			AB1000000000000000000077 /* Levels */,
			AB1000000000000000000078 /* Sounds */,
			AB100000000000000000005B /* Assets.xcassets */,
			PR1V00000000000000000001 /* PrivacyInfo.xcprivacy */,
		); path = mario; sourceTree = "<group>"; };
		AB1000000000000000000073 /* App */ = {isa = PBXGroup; children = (
			AB1000000000000000000001 /* MarioApp.swift */,
			AB1000000000000000000003 /* ContentView.swift */,
		); path = App; sourceTree = "<group>"; };
		AB1000000000000000000074 /* Scenes */ = {isa = PBXGroup; children = (
			AB1000000000000000000005 /* GameScene.swift */,
			AB1000000000000000000007 /* HUDOverlay.swift */,
			AB1000000000000000000009 /* TouchControls.swift */,
			AB100000000000000000000B /* ButtonNode.swift */,
			AB100000000000000000000D /* MenuScene.swift */,
			AB100000000000000000000F /* LevelSelectScene.swift */,
			AB1000000000000000000011 /* ParallaxBackground.swift */,
			AB1000000000000000000013 /* SettingsScene.swift */,
		); path = Scenes; sourceTree = "<group>"; };
		AB1000000000000000000075 /* Entities */ = {isa = PBXGroup; children = (
			AB1000000000000000000015 /* Player.swift */,
			AB1000000000000000000017 /* Enemy.swift */,
			AB1000000000000000000019 /* KoopaEnemy.swift */,
			AB100000000000000000001B /* FlyingEnemy.swift */,
			AB100000000000000000001D /* Coin.swift */,
			AB100000000000000000001F /* Flag.swift */,
			AB1000000000000000000021 /* Mushroom.swift */,
			AB1000000000000000000023 /* FireFlower.swift */,
			AB1000000000000000000025 /* Fireball.swift */,
			AB1000000000000000000027 /* QuestionBlock.swift */,
		); path = Entities; sourceTree = "<group>"; };
		AB1000000000000000000076 /* Systems */ = {isa = PBXGroup; children = (
			AB1000000000000000000029 /* PhysicsCategories.swift */,
			AB100000000000000000002B /* InputState.swift */,
			AB100000000000000000002D /* LevelLoader.swift */,
			AB100000000000000000002F /* ProgressStore.swift */,
			AB1000000000000000000031 /* GameConfig.swift */,
			AB1000000000000000000033 /* SceneRouter.swift */,
			AB1000000000000000000035 /* AudioManager.swift */,
			AB1000000000000000000037 /* AnimationLibrary.swift */,
			AB1000000000000000000039 /* SettingsStore.swift */,
			AB100000000000000000003B /* HapticManager.swift */,
			AB100000000000000000003D /* GameCenterManager.swift */,
		); path = Systems; sourceTree = "<group>"; };
		AB1000000000000000000077 /* Levels */ = {isa = PBXGroup; children = (
			AB100000000000000000003F /* level-1-1.json */,
			AB1000000000000000000041 /* level-1-2.json */,
			AB1000000000000000000043 /* level-1-3.json */,
			AB1000000000000000000045 /* level-1-4.json */,
			AB1000000000000000000047 /* level-1-5.json */,
		); path = Levels; sourceTree = "<group>"; };
		AB1000000000000000000078 /* Sounds */ = {isa = PBXGroup; children = (
			AB1000000000000000000049 /* bgm.wav */,
			AB100000000000000000004B /* brick.wav */,
			AB100000000000000000004D /* coin.wav */,
			AB100000000000000000004F /* death.wav */,
			AB1000000000000000000051 /* fireball.wav */,
			AB1000000000000000000053 /* jump.wav */,
			AB1000000000000000000055 /* powerup.wav */,
			AB1000000000000000000057 /* stomp.wav */,
			AB1000000000000000000059 /* win.wav */,
		); path = Sounds; sourceTree = "<group>"; };
		AB100000000000000000007A /* marioTests */ = {isa = PBXGroup; children = (
			AB100000000000000000005D /* InputStateTests.swift */,
			AB100000000000000000005F /* LevelLoaderTests.swift */,
			AB1000000000000000000061 /* PlayerTests.swift */,
			AB1000000000000000000063 /* EnemyTests.swift */,
			AB1000000000000000000065 /* ProgressStoreTests.swift */,
			AB1000000000000000000067 /* PowerupTests.swift */,
			AB1000000000000000000069 /* QuestionBlockTests.swift */,
			AB100000000000000000006B /* AudioManagerTests.swift */,
			AB100000000000000000006D /* AnimationTests.swift */,
			AB100000000000000000006F /* SettingsStoreTests.swift */,
			AB1000000000000000000071 /* GameCenterManagerTests.swift */,
		); path = marioTests; sourceTree = "<group>"; };
/* End PBXGroup section */

/* Begin PBXNativeTarget section */
		AB100000000000000000007F /* mario */ = {isa = PBXNativeTarget; buildConfigurationList = AB1000000000000000000089; buildPhases = ( AB1000000000000000000082, AB1000000000000000000083, AB1000000000000000000084 ); buildRules = (); dependencies = (); name = mario; productName = mario; productReference = AB100000000000000000007D /* mario.app */; productType = "com.apple.product-type.application"; };
		AB1000000000000000000080 /* marioTests */ = {isa = PBXNativeTarget; buildConfigurationList = AB100000000000000000008A; buildPhases = ( AB1000000000000000000085, AB1000000000000000000086, AB1000000000000000000087 ); buildRules = (); dependencies = ( AB1000000000000000000091 ); name = marioTests; productName = marioTests; productReference = AB100000000000000000007E /* marioTests.xctest */; productType = "com.apple.product-type.bundle.unit-test"; };
/* End PBXNativeTarget section */

/* Begin PBXProject section */
		AB1000000000000000000081 /* Project object */ = {isa = PBXProject; attributes = { BuildIndependentTargetsInParallel = 1; LastSwiftUpdateCheck = 1640; LastUpgradeCheck = 1640; TargetAttributes = { AB100000000000000000007F = { CreatedOnToolsVersion = 16.4; }; AB1000000000000000000080 = { CreatedOnToolsVersion = 16.4; TestTargetID = AB100000000000000000007F; }; }; };
			buildConfigurationList = AB1000000000000000000088; compatibilityVersion = "Xcode 14.0"; developmentRegion = en; hasScannedForEncodings = 0; knownRegions = (en, Base); mainGroup = AB100000000000000000007C; productRefGroup = AB100000000000000000007B /* Products */; projectDirPath = ""; projectRoot = ""; targets = ( AB100000000000000000007F /* mario */, AB1000000000000000000080 /* marioTests */ ); };
/* End PBXProject section */

/* Begin PBXResourcesBuildPhase section */
		AB1000000000000000000084 = {isa = PBXResourcesBuildPhase; buildActionMask = 2147483647; files = (
			AB100000000000000000005C /* Assets.xcassets in Resources */,
			PR1V00000000000000000002 /* PrivacyInfo.xcprivacy in Resources */,
			AB1000000000000000000040 /* level-1-1.json in Resources */,
			AB1000000000000000000042 /* level-1-2.json in Resources */,
			AB1000000000000000000044 /* level-1-3.json in Resources */,
			AB1000000000000000000046 /* level-1-4.json in Resources */,
			AB1000000000000000000048 /* level-1-5.json in Resources */,
			AB100000000000000000004A /* bgm.wav in Resources */,
			AB100000000000000000004C /* brick.wav in Resources */,
			AB100000000000000000004E /* coin.wav in Resources */,
			AB1000000000000000000050 /* death.wav in Resources */,
			AB1000000000000000000052 /* fireball.wav in Resources */,
			AB1000000000000000000054 /* jump.wav in Resources */,
			AB1000000000000000000056 /* powerup.wav in Resources */,
			AB1000000000000000000058 /* stomp.wav in Resources */,
			AB100000000000000000005A /* win.wav in Resources */,
		); runOnlyForDeploymentPostprocessing = 0; };
		AB1000000000000000000087 = {isa = PBXResourcesBuildPhase; buildActionMask = 2147483647; files = (); runOnlyForDeploymentPostprocessing = 0; };
/* End PBXResourcesBuildPhase section */

/* Begin PBXSourcesBuildPhase section */
		AB1000000000000000000082 = {isa = PBXSourcesBuildPhase; buildActionMask = 2147483647; files = (
			AB1000000000000000000002 /* MarioApp.swift in Sources */,
			AB1000000000000000000004 /* ContentView.swift in Sources */,
			AB1000000000000000000006 /* GameScene.swift in Sources */,
			AB1000000000000000000008 /* HUDOverlay.swift in Sources */,
			AB100000000000000000000A /* TouchControls.swift in Sources */,
			AB100000000000000000000C /* ButtonNode.swift in Sources */,
			AB100000000000000000000E /* MenuScene.swift in Sources */,
			AB1000000000000000000010 /* LevelSelectScene.swift in Sources */,
			AB1000000000000000000012 /* ParallaxBackground.swift in Sources */,
			AB1000000000000000000014 /* SettingsScene.swift in Sources */,
			AB1000000000000000000016 /* Player.swift in Sources */,
			AB1000000000000000000018 /* Enemy.swift in Sources */,
			AB100000000000000000001A /* KoopaEnemy.swift in Sources */,
			AB100000000000000000001C /* FlyingEnemy.swift in Sources */,
			AB100000000000000000001E /* Coin.swift in Sources */,
			AB1000000000000000000020 /* Flag.swift in Sources */,
			AB1000000000000000000022 /* Mushroom.swift in Sources */,
			AB1000000000000000000024 /* FireFlower.swift in Sources */,
			AB1000000000000000000026 /* Fireball.swift in Sources */,
			AB1000000000000000000028 /* QuestionBlock.swift in Sources */,
			AB100000000000000000002A /* PhysicsCategories.swift in Sources */,
			AB100000000000000000002C /* InputState.swift in Sources */,
			AB100000000000000000002E /* LevelLoader.swift in Sources */,
			AB1000000000000000000030 /* ProgressStore.swift in Sources */,
			AB1000000000000000000032 /* GameConfig.swift in Sources */,
			AB1000000000000000000034 /* SceneRouter.swift in Sources */,
			AB1000000000000000000036 /* AudioManager.swift in Sources */,
			AB1000000000000000000038 /* AnimationLibrary.swift in Sources */,
			AB100000000000000000003A /* SettingsStore.swift in Sources */,
			AB100000000000000000003C /* HapticManager.swift in Sources */,
			AB100000000000000000003E /* GameCenterManager.swift in Sources */,
		); runOnlyForDeploymentPostprocessing = 0; };
		AB1000000000000000000085 = {isa = PBXSourcesBuildPhase; buildActionMask = 2147483647; files = (
			AB100000000000000000005E /* InputStateTests.swift in Sources */,
			AB1000000000000000000060 /* LevelLoaderTests.swift in Sources */,
			AB1000000000000000000062 /* PlayerTests.swift in Sources */,
			AB1000000000000000000064 /* EnemyTests.swift in Sources */,
			AB1000000000000000000066 /* ProgressStoreTests.swift in Sources */,
			AB1000000000000000000068 /* PowerupTests.swift in Sources */,
			AB100000000000000000006A /* QuestionBlockTests.swift in Sources */,
			AB100000000000000000006C /* AudioManagerTests.swift in Sources */,
			AB100000000000000000006E /* AnimationTests.swift in Sources */,
			AB1000000000000000000070 /* SettingsStoreTests.swift in Sources */,
			AB1000000000000000000072 /* GameCenterManagerTests.swift in Sources */,
		); runOnlyForDeploymentPostprocessing = 0; };
/* End PBXSourcesBuildPhase section */

/* Begin PBXTargetDependency section */
		AB1000000000000000000091 = {isa = PBXTargetDependency; target = AB100000000000000000007F /* mario */; targetProxy = AB1000000000000000000092; };
/* End PBXTargetDependency section */

/* Begin XCBuildConfiguration section */
		AB100000000000000000008B /* Debug */ = {isa = XCBuildConfiguration; buildSettings = {
				ALWAYS_SEARCH_USER_PATHS = NO;
				CLANG_ANALYZER_NONNULL = YES;
				CLANG_ENABLE_MODULES = YES;
				CLANG_ENABLE_OBJC_ARC = YES;
				ENABLE_STRICT_OBJC_MSGSEND = YES;
				GCC_C_LANGUAGE_STANDARD = gnu17;
				GCC_NO_COMMON_BLOCKS = YES;
				IPHONEOS_DEPLOYMENT_TARGET = 17.0;
				SDKROOT = iphoneos;
				SWIFT_VERSION = 5.0;
				ENABLE_TESTABILITY = YES;
				GCC_OPTIMIZATION_LEVEL = 0;
				ONLY_ACTIVE_ARCH = YES;
				SWIFT_ACTIVE_COMPILATION_CONDITIONS = "DEBUG $(inherited)";
				SWIFT_OPTIMIZATION_LEVEL = "-Onone";
			}; name = Debug; };
		AB100000000000000000008C /* Release */ = {isa = XCBuildConfiguration; buildSettings = {
				ALWAYS_SEARCH_USER_PATHS = NO;
				CLANG_ANALYZER_NONNULL = YES;
				CLANG_ENABLE_MODULES = YES;
				CLANG_ENABLE_OBJC_ARC = YES;
				ENABLE_STRICT_OBJC_MSGSEND = YES;
				GCC_C_LANGUAGE_STANDARD = gnu17;
				GCC_NO_COMMON_BLOCKS = YES;
				IPHONEOS_DEPLOYMENT_TARGET = 17.0;
				SDKROOT = iphoneos;
				SWIFT_VERSION = 5.0;
				SWIFT_COMPILATION_MODE = wholemodule;
			}; name = Release; };
		AB100000000000000000008D /* Debug */ = {isa = XCBuildConfiguration; buildSettings = {
				ASSETCATALOG_COMPILER_APPICON_NAME = AppIcon;
				CODE_SIGN_STYLE = Automatic;
				CURRENT_PROJECT_VERSION = 1;
				DEVELOPMENT_TEAM = "";
				ENABLE_PREVIEWS = YES;
				GENERATE_INFOPLIST_FILE = YES;
				INFOPLIST_KEY_UILaunchScreen_Generation = YES;
				INFOPLIST_KEY_UIStatusBarHidden = YES;
				INFOPLIST_KEY_UISupportedInterfaceOrientations = "UIInterfaceOrientationLandscapeLeft UIInterfaceOrientationLandscapeRight";
				INFOPLIST_KEY_UISupportedInterfaceOrientations_iPad = "UIInterfaceOrientationLandscapeLeft UIInterfaceOrientationLandscapeRight";
				IPHONEOS_DEPLOYMENT_TARGET = 17.0;
				MARKETING_VERSION = 1.0;
				PRODUCT_BUNDLE_IDENTIFIER = com.datnm555.supersquare;
				INFOPLIST_KEY_CFBundleDisplayName = "Super Square";
				PRODUCT_NAME = "$(TARGET_NAME)";
				SDKROOT = iphoneos;
				SWIFT_EMIT_LOC_STRINGS = YES;
				SWIFT_VERSION = 5.0;
				TARGETED_DEVICE_FAMILY = "1,2";
			}; name = Debug; };
		AB100000000000000000008E /* Release */ = {isa = XCBuildConfiguration; buildSettings = {
				ASSETCATALOG_COMPILER_APPICON_NAME = AppIcon;
				CODE_SIGN_STYLE = Automatic;
				CURRENT_PROJECT_VERSION = 1;
				DEVELOPMENT_TEAM = "";
				ENABLE_PREVIEWS = YES;
				GENERATE_INFOPLIST_FILE = YES;
				INFOPLIST_KEY_UILaunchScreen_Generation = YES;
				INFOPLIST_KEY_UIStatusBarHidden = YES;
				INFOPLIST_KEY_UISupportedInterfaceOrientations = "UIInterfaceOrientationLandscapeLeft UIInterfaceOrientationLandscapeRight";
				INFOPLIST_KEY_UISupportedInterfaceOrientations_iPad = "UIInterfaceOrientationLandscapeLeft UIInterfaceOrientationLandscapeRight";
				IPHONEOS_DEPLOYMENT_TARGET = 17.0;
				MARKETING_VERSION = 1.0;
				PRODUCT_BUNDLE_IDENTIFIER = com.datnm555.supersquare;
				INFOPLIST_KEY_CFBundleDisplayName = "Super Square";
				PRODUCT_NAME = "$(TARGET_NAME)";
				SDKROOT = iphoneos;
				SWIFT_EMIT_LOC_STRINGS = YES;
				SWIFT_VERSION = 5.0;
				TARGETED_DEVICE_FAMILY = "1,2";
			}; name = Release; };
		AB100000000000000000008F /* Debug */ = {isa = XCBuildConfiguration; buildSettings = {
				BUNDLE_LOADER = "$(TEST_HOST)";
				CODE_SIGN_STYLE = Automatic;
				CURRENT_PROJECT_VERSION = 1;
				DEVELOPMENT_TEAM = "";
				GENERATE_INFOPLIST_FILE = YES;
				IPHONEOS_DEPLOYMENT_TARGET = 17.0;
				MARKETING_VERSION = 1.0;
				PRODUCT_BUNDLE_IDENTIFIER = com.datnm555.supersquare.tests;
				PRODUCT_NAME = "$(TARGET_NAME)";
				SDKROOT = iphoneos;
				SWIFT_EMIT_LOC_STRINGS = NO;
				SWIFT_VERSION = 5.0;
				TARGETED_DEVICE_FAMILY = "1,2";
				TEST_HOST = "$(BUILT_PRODUCTS_DIR)/mario.app/$(BUNDLE_EXECUTABLE_FOLDER_PATH)/mario";
			}; name = Debug; };
		AB1000000000000000000090 /* Release */ = {isa = XCBuildConfiguration; buildSettings = {
				BUNDLE_LOADER = "$(TEST_HOST)";
				CODE_SIGN_STYLE = Automatic;
				CURRENT_PROJECT_VERSION = 1;
				DEVELOPMENT_TEAM = "";
				GENERATE_INFOPLIST_FILE = YES;
				IPHONEOS_DEPLOYMENT_TARGET = 17.0;
				MARKETING_VERSION = 1.0;
				PRODUCT_BUNDLE_IDENTIFIER = com.datnm555.supersquare.tests;
				PRODUCT_NAME = "$(TARGET_NAME)";
				SDKROOT = iphoneos;
				SWIFT_EMIT_LOC_STRINGS = NO;
				SWIFT_VERSION = 5.0;
				TARGETED_DEVICE_FAMILY = "1,2";
				TEST_HOST = "$(BUILT_PRODUCTS_DIR)/mario.app/$(BUNDLE_EXECUTABLE_FOLDER_PATH)/mario";
			}; name = Release; };
/* End XCBuildConfiguration section */

/* Begin XCConfigurationList section */
		AB1000000000000000000088 = {isa = XCConfigurationList; buildConfigurations = ( AB100000000000000000008B /* Debug */, AB100000000000000000008C /* Release */ ); defaultConfigurationIsVisible = 0; defaultConfigurationName = Release; };
		AB1000000000000000000089 = {isa = XCConfigurationList; buildConfigurations = ( AB100000000000000000008D /* Debug */, AB100000000000000000008E /* Release */ ); defaultConfigurationIsVisible = 0; defaultConfigurationName = Release; };
		AB100000000000000000008A = {isa = XCConfigurationList; buildConfigurations = ( AB100000000000000000008F /* Debug */, AB1000000000000000000090 /* Release */ ); defaultConfigurationIsVisible = 0; defaultConfigurationName = Release; };
/* End XCConfigurationList section */
	};
	rootObject = AB1000000000000000000081 /* Project object */;
}
