// !$*UTF8*$!
{
	archiveVersion = 1;
	classes = {
	};
	objectVersion = 56;
	objects = {

/* Begin PBXBuildFile section */
		AB1000000000000000000002 = {isa = PBXBuildFile; fileRef = AB1000000000000000000001 /* MarioApp.swift */; };
		AB1000000000000000000004 = {isa = PBXBuildFile; fileRef = AB1000000000000000000003 /* ContentView.swift */; };
		AB1000000000000000000006 = {isa = PBXBuildFile; fileRef = AB1000000000000000000005 /* GameScene.swift */; };
		AB1000000000000000000008 = {isa = PBXBuildFile; fileRef = AB1000000000000000000007 /* HUDOverlay.swift */; };
		AB100000000000000000000A = {isa = PBXBuildFile; fileRef = AB1000000000000000000009 /* TouchControls.swift */; };
		AB100000000000000000000C = {isa = PBXBuildFile; fileRef = AB100000000000000000000B /* ButtonNode.swift */; };
		AB100000000000000000000E = {isa = PBXBuildFile; fileRef = AB100000000000000000000D /* MenuScene.swift */; };
		AB1000000000000000000010 = {isa = PBXBuildFile; fileRef = AB100000000000000000000F /* LevelSelectScene.swift */; };
		AB1000000000000000000012 = {isa = PBXBuildFile; fileRef = AB1000000000000000000011 /* Player.swift */; };
		AB1000000000000000000014 = {isa = PBXBuildFile; fileRef = AB1000000000000000000013 /* Enemy.swift */; };
		AB1000000000000000000016 = {isa = PBXBuildFile; fileRef = AB1000000000000000000015 /* KoopaEnemy.swift */; };
		AB1000000000000000000018 = {isa = PBXBuildFile; fileRef = AB1000000000000000000017 /* FlyingEnemy.swift */; };
		AB100000000000000000001A = {isa = PBXBuildFile; fileRef = AB1000000000000000000019 /* Coin.swift */; };
		AB100000000000000000001C = {isa = PBXBuildFile; fileRef = AB100000000000000000001B /* Flag.swift */; };
		AB100000000000000000001E = {isa = PBXBuildFile; fileRef = AB100000000000000000001D /* Mushroom.swift */; };
		AB1000000000000000000020 = {isa = PBXBuildFile; fileRef = AB100000000000000000001F /* FireFlower.swift */; };
		AB1000000000000000000022 = {isa = PBXBuildFile; fileRef = AB1000000000000000000021 /* Fireball.swift */; };
		AB1000000000000000000024 = {isa = PBXBuildFile; fileRef = AB1000000000000000000023 /* QuestionBlock.swift */; };
		AB1000000000000000000026 = {isa = PBXBuildFile; fileRef = AB1000000000000000000025 /* PhysicsCategories.swift */; };
		AB1000000000000000000028 = {isa = PBXBuildFile; fileRef = AB1000000000000000000027 /* InputState.swift */; };
		AB100000000000000000002A = {isa = PBXBuildFile; fileRef = AB1000000000000000000029 /* LevelLoader.swift */; };
		AB100000000000000000002C = {isa = PBXBuildFile; fileRef = AB100000000000000000002B /* ProgressStore.swift */; };
		AB100000000000000000002E = {isa = PBXBuildFile; fileRef = AB100000000000000000002D /* GameConfig.swift */; };
		AB1000000000000000000030 = {isa = PBXBuildFile; fileRef = AB100000000000000000002F /* SceneRouter.swift */; };
		AB1000000000000000000032 = {isa = PBXBuildFile; fileRef = AB1000000000000000000031 /* AudioManager.swift */; };
		AB1000000000000000000034 = {isa = PBXBuildFile; fileRef = AB1000000000000000000033 /* level-1-1.json */; };
		AB1000000000000000000036 = {isa = PBXBuildFile; fileRef = AB1000000000000000000035 /* level-1-2.json */; };
		AB1000000000000000000038 = {isa = PBXBuildFile; fileRef = AB1000000000000000000037 /* level-1-3.json */; };
		AB100000000000000000003A = {isa = PBXBuildFile; fileRef = AB1000000000000000000039 /* level-1-4.json */; };
		AB100000000000000000003C = {isa = PBXBuildFile; fileRef = AB100000000000000000003B /* level-1-5.json */; };
		AB100000000000000000003E = {isa = PBXBuildFile; fileRef = AB100000000000000000003D /* bgm.wav */; };
		AB1000000000000000000040 = {isa = PBXBuildFile; fileRef = AB100000000000000000003F /* brick.wav */; };
		AB1000000000000000000042 = {isa = PBXBuildFile; fileRef = AB1000000000000000000041 /* coin.wav */; };
		AB1000000000000000000044 = {isa = PBXBuildFile; fileRef = AB1000000000000000000043 /* death.wav */; };
		AB1000000000000000000046 = {isa = PBXBuildFile; fileRef = AB1000000000000000000045 /* fireball.wav */; };
		AB1000000000000000000048 = {isa = PBXBuildFile; fileRef = AB1000000000000000000047 /* jump.wav */; };
		AB100000000000000000004A = {isa = PBXBuildFile; fileRef = AB1000000000000000000049 /* powerup.wav */; };
		AB100000000000000000004C = {isa = PBXBuildFile; fileRef = AB100000000000000000004B /* stomp.wav */; };
		AB100000000000000000004E = {isa = PBXBuildFile; fileRef = AB100000000000000000004D /* win.wav */; };
		AB1000000000000000000050 = {isa = PBXBuildFile; fileRef = AB100000000000000000004F /* Assets.xcassets */; };
		AB1000000000000000000052 = {isa = PBXBuildFile; fileRef = AB1000000000000000000051 /* InputStateTests.swift */; };
		AB1000000000000000000054 = {isa = PBXBuildFile; fileRef = AB1000000000000000000053 /* LevelLoaderTests.swift */; };
		AB1000000000000000000056 = {isa = PBXBuildFile; fileRef = AB1000000000000000000055 /* PlayerTests.swift */; };
		AB1000000000000000000058 = {isa = PBXBuildFile; fileRef = AB1000000000000000000057 /* EnemyTests.swift */; };
		AB100000000000000000005A = {isa = PBXBuildFile; fileRef = AB1000000000000000000059 /* ProgressStoreTests.swift */; };
		AB100000000000000000005C = {isa = PBXBuildFile; fileRef = AB100000000000000000005B /* PowerupTests.swift */; };
		AB100000000000000000005E = {isa = PBXBuildFile; fileRef = AB100000000000000000005D /* QuestionBlockTests.swift */; };
		AB1000000000000000000060 = {isa = PBXBuildFile; fileRef = AB100000000000000000005F /* AudioManagerTests.swift */; };
/* End PBXBuildFile section */

/* Begin PBXContainerItemProxy section */
		AB1000000000000000000080 = {isa = PBXContainerItemProxy; containerPortal = AB100000000000000000006F /* Project object */; proxyType = 1; remoteGlobalIDString = AB100000000000000000006D; remoteInfo = mario; };
/* End PBXContainerItemProxy section */

/* Begin PBXFileReference section */
		AB100000000000000000006B /* mario.app */ = {isa = PBXFileReference; explicitFileType = wrapper.application; includeInIndex = 0; path = mario.app; sourceTree = BUILT_PRODUCTS_DIR; };
		AB100000000000000000006C /* marioTests.xctest */ = {isa = PBXFileReference; explicitFileType = wrapper.cfbundle; includeInIndex = 0; path = marioTests.xctest; sourceTree = BUILT_PRODUCTS_DIR; };
		AB1000000000000000000001 /* MarioApp.swift */ = {isa = PBXFileReference; lastKnownFileType = sourcecode.swift; path = "MarioApp.swift"; sourceTree = "<group>"; };
		AB1000000000000000000003 /* ContentView.swift */ = {isa = PBXFileReference; lastKnownFileType = sourcecode.swift; path = "ContentView.swift"; sourceTree = "<group>"; };
		AB1000000000000000000005 /* GameScene.swift */ = {isa = PBXFileReference; lastKnownFileType = sourcecode.swift; path = "GameScene.swift"; sourceTree = "<group>"; };
		AB1000000000000000000007 /* HUDOverlay.swift */ = {isa = PBXFileReference; lastKnownFileType = sourcecode.swift; path = "HUDOverlay.swift"; sourceTree = "<group>"; };
		AB1000000000000000000009 /* TouchControls.swift */ = {isa = PBXFileReference; lastKnownFileType = sourcecode.swift; path = "TouchControls.swift"; sourceTree = "<group>"; };
		AB100000000000000000000B /* ButtonNode.swift */ = {isa = PBXFileReference; lastKnownFileType = sourcecode.swift; path = "ButtonNode.swift"; sourceTree = "<group>"; };
		AB100000000000000000000D /* MenuScene.swift */ = {isa = PBXFileReference; lastKnownFileType = sourcecode.swift; path = "MenuScene.swift"; sourceTree = "<group>"; };
		AB100000000000000000000F /* LevelSelectScene.swift */ = {isa = PBXFileReference; lastKnownFileType = sourcecode.swift; path = "LevelSelectScene.swift"; sourceTree = "<group>"; };
		AB1000000000000000000011 /* Player.swift */ = {isa = PBXFileReference; lastKnownFileType = sourcecode.swift; path = "Player.swift"; sourceTree = "<group>"; };
		AB1000000000000000000013 /* Enemy.swift */ = {isa = PBXFileReference; lastKnownFileType = sourcecode.swift; path = "Enemy.swift"; sourceTree = "<group>"; };
		AB1000000000000000000015 /* KoopaEnemy.swift */ = {isa = PBXFileReference; lastKnownFileType = sourcecode.swift; path = "KoopaEnemy.swift"; sourceTree = "<group>"; };
		AB1000000000000000000017 /* FlyingEnemy.swift */ = {isa = PBXFileReference; lastKnownFileType = sourcecode.swift; path = "FlyingEnemy.swift"; sourceTree = "<group>"; };
		AB1000000000000000000019 /* Coin.swift */ = {isa = PBXFileReference; lastKnownFileType = sourcecode.swift; path = "Coin.swift"; sourceTree = "<group>"; };
		AB100000000000000000001B /* Flag.swift */ = {isa = PBXFileReference; lastKnownFileType = sourcecode.swift; path = "Flag.swift"; sourceTree = "<group>"; };
		AB100000000000000000001D /* Mushroom.swift */ = {isa = PBXFileReference; lastKnownFileType = sourcecode.swift; path = "Mushroom.swift"; sourceTree = "<group>"; };
		AB100000000000000000001F /* FireFlower.swift */ = {isa = PBXFileReference; lastKnownFileType = sourcecode.swift; path = "FireFlower.swift"; sourceTree = "<group>"; };
		AB1000000000000000000021 /* Fireball.swift */ = {isa = PBXFileReference; lastKnownFileType = sourcecode.swift; path = "Fireball.swift"; sourceTree = "<group>"; };
		AB1000000000000000000023 /* QuestionBlock.swift */ = {isa = PBXFileReference; lastKnownFileType = sourcecode.swift; path = "QuestionBlock.swift"; sourceTree = "<group>"; };
		AB1000000000000000000025 /* PhysicsCategories.swift */ = {isa = PBXFileReference; lastKnownFileType = sourcecode.swift; path = "PhysicsCategories.swift"; sourceTree = "<group>"; };
		AB1000000000000000000027 /* InputState.swift */ = {isa = PBXFileReference; lastKnownFileType = sourcecode.swift; path = "InputState.swift"; sourceTree = "<group>"; };
		AB1000000000000000000029 /* LevelLoader.swift */ = {isa = PBXFileReference; lastKnownFileType = sourcecode.swift; path = "LevelLoader.swift"; sourceTree = "<group>"; };
		AB100000000000000000002B /* ProgressStore.swift */ = {isa = PBXFileReference; lastKnownFileType = sourcecode.swift; path = "ProgressStore.swift"; sourceTree = "<group>"; };
		AB100000000000000000002D /* GameConfig.swift */ = {isa = PBXFileReference; lastKnownFileType = sourcecode.swift; path = "GameConfig.swift"; sourceTree = "<group>"; };
		AB100000000000000000002F /* SceneRouter.swift */ = {isa = PBXFileReference; lastKnownFileType = sourcecode.swift; path = "SceneRouter.swift"; sourceTree = "<group>"; };
		AB1000000000000000000031 /* AudioManager.swift */ = {isa = PBXFileReference; lastKnownFileType = sourcecode.swift; path = "AudioManager.swift"; sourceTree = "<group>"; };
		AB1000000000000000000033 /* level-1-1.json */ = {isa = PBXFileReference; lastKnownFileType = text.json; path = "level-1-1.json"; sourceTree = "<group>"; };
		AB1000000000000000000035 /* level-1-2.json */ = {isa = PBXFileReference; lastKnownFileType = text.json; path = "level-1-2.json"; sourceTree = "<group>"; };
		AB1000000000000000000037 /* level-1-3.json */ = {isa = PBXFileReference; lastKnownFileType = text.json; path = "level-1-3.json"; sourceTree = "<group>"; };
		AB1000000000000000000039 /* level-1-4.json */ = {isa = PBXFileReference; lastKnownFileType = text.json; path = "level-1-4.json"; sourceTree = "<group>"; };
		AB100000000000000000003B /* level-1-5.json */ = {isa = PBXFileReference; lastKnownFileType = text.json; path = "level-1-5.json"; sourceTree = "<group>"; };
		AB100000000000000000003D /* bgm.wav */ = {isa = PBXFileReference; lastKnownFileType = audio.wav; path = "bgm.wav"; sourceTree = "<group>"; };
		AB100000000000000000003F /* brick.wav */ = {isa = PBXFileReference; lastKnownFileType = audio.wav; path = "brick.wav"; sourceTree = "<group>"; };
		AB1000000000000000000041 /* coin.wav */ = {isa = PBXFileReference; lastKnownFileType = audio.wav; path = "coin.wav"; sourceTree = "<group>"; };
		AB1000000000000000000043 /* death.wav */ = {isa = PBXFileReference; lastKnownFileType = audio.wav; path = "death.wav"; sourceTree = "<group>"; };
		AB1000000000000000000045 /* fireball.wav */ = {isa = PBXFileReference; lastKnownFileType = audio.wav; path = "fireball.wav"; sourceTree = "<group>"; };
		AB1000000000000000000047 /* jump.wav */ = {isa = PBXFileReference; lastKnownFileType = audio.wav; path = "jump.wav"; sourceTree = "<group>"; };
		AB1000000000000000000049 /* powerup.wav */ = {isa = PBXFileReference; lastKnownFileType = audio.wav; path = "powerup.wav"; sourceTree = "<group>"; };
		AB100000000000000000004B /* stomp.wav */ = {isa = PBXFileReference; lastKnownFileType = audio.wav; path = "stomp.wav"; sourceTree = "<group>"; };
		AB100000000000000000004D /* win.wav */ = {isa = PBXFileReference; lastKnownFileType = audio.wav; path = "win.wav"; sourceTree = "<group>"; };
		AB100000000000000000004F /* Assets.xcassets */ = {isa = PBXFileReference; lastKnownFileType = folder.assetcatalog; path = "Assets.xcassets"; sourceTree = "<group>"; };
		AB1000000000000000000051 /* InputStateTests.swift */ = {isa = PBXFileReference; lastKnownFileType = sourcecode.swift; path = "InputStateTests.swift"; sourceTree = "<group>"; };
		AB1000000000000000000053 /* LevelLoaderTests.swift */ = {isa = PBXFileReference; lastKnownFileType = sourcecode.swift; path = "LevelLoaderTests.swift"; sourceTree = "<group>"; };
		AB1000000000000000000055 /* PlayerTests.swift */ = {isa = PBXFileReference; lastKnownFileType = sourcecode.swift; path = "PlayerTests.swift"; sourceTree = "<group>"; };
		AB1000000000000000000057 /* EnemyTests.swift */ = {isa = PBXFileReference; lastKnownFileType = sourcecode.swift; path = "EnemyTests.swift"; sourceTree = "<group>"; };
		AB1000000000000000000059 /* ProgressStoreTests.swift */ = {isa = PBXFileReference; lastKnownFileType = sourcecode.swift; path = "ProgressStoreTests.swift"; sourceTree = "<group>"; };
		AB100000000000000000005B /* PowerupTests.swift */ = {isa = PBXFileReference; lastKnownFileType = sourcecode.swift; path = "PowerupTests.swift"; sourceTree = "<group>"; };
		AB100000000000000000005D /* QuestionBlockTests.swift */ = {isa = PBXFileReference; lastKnownFileType = sourcecode.swift; path = "QuestionBlockTests.swift"; sourceTree = "<group>"; };
		AB100000000000000000005F /* AudioManagerTests.swift */ = {isa = PBXFileReference; lastKnownFileType = sourcecode.swift; path = "AudioManagerTests.swift"; sourceTree = "<group>"; };
/* End PBXFileReference section */

/* Begin PBXFrameworksBuildPhase section */
		AB1000000000000000000071 = {isa = PBXFrameworksBuildPhase; buildActionMask = 2147483647; files = (); runOnlyForDeploymentPostprocessing = 0; };
		AB1000000000000000000074 = {isa = PBXFrameworksBuildPhase; buildActionMask = 2147483647; files = (); runOnlyForDeploymentPostprocessing = 0; };
/* End PBXFrameworksBuildPhase section */

/* Begin PBXGroup section */
		AB100000000000000000006A = {isa = PBXGroup; children = ( AB1000000000000000000067 /* mario */, AB1000000000000000000068 /* marioTests */, AB1000000000000000000069 /* Products */ ); sourceTree = "<group>"; };
		AB1000000000000000000069 /* Products */ = {isa = PBXGroup; children = ( AB100000000000000000006B /* mario.app */, AB100000000000000000006C /* marioTests.xctest */ ); name = Products; sourceTree = "<group>"; };
		AB1000000000000000000067 /* mario */ = {isa = PBXGroup; children = (
			AB1000000000000000000061 /* App */,
			AB1000000000000000000062 /* Scenes */,
			AB1000000000000000000063 /* Entities */,
			AB1000000000000000000064 /* Systems */,
			AB1000000000000000000065 /* Levels */,
			AB1000000000000000000066 /* Sounds */,
			AB100000000000000000004F /* Assets.xcassets */,
		); path = mario; sourceTree = "<group>"; };
		AB1000000000000000000061 /* App */ = {isa = PBXGroup; children = (
			AB1000000000000000000001 /* MarioApp.swift */,
			AB1000000000000000000003 /* ContentView.swift */,
		); path = App; sourceTree = "<group>"; };
		AB1000000000000000000062 /* Scenes */ = {isa = PBXGroup; children = (
			AB1000000000000000000005 /* GameScene.swift */,
			AB1000000000000000000007 /* HUDOverlay.swift */,
			AB1000000000000000000009 /* TouchControls.swift */,
			AB100000000000000000000B /* ButtonNode.swift */,
			AB100000000000000000000D /* MenuScene.swift */,
			AB100000000000000000000F /* LevelSelectScene.swift */,
		); path = Scenes; sourceTree = "<group>"; };
		AB1000000000000000000063 /* Entities */ = {isa = PBXGroup; children = (
			AB1000000000000000000011 /* Player.swift */,
			AB1000000000000000000013 /* Enemy.swift */,
			AB1000000000000000000015 /* KoopaEnemy.swift */,
			AB1000000000000000000017 /* FlyingEnemy.swift */,
			AB1000000000000000000019 /* Coin.swift */,
			AB100000000000000000001B /* Flag.swift */,
			AB100000000000000000001D /* Mushroom.swift */,
			AB100000000000000000001F /* FireFlower.swift */,
			AB1000000000000000000021 /* Fireball.swift */,
			AB1000000000000000000023 /* QuestionBlock.swift */,
		); path = Entities; sourceTree = "<group>"; };
		AB1000000000000000000064 /* Systems */ = {isa = PBXGroup; children = (
			AB1000000000000000000025 /* PhysicsCategories.swift */,
			AB1000000000000000000027 /* InputState.swift */,
			AB1000000000000000000029 /* LevelLoader.swift */,
			AB100000000000000000002B /* ProgressStore.swift */,
			AB100000000000000000002D /* GameConfig.swift */,
			AB100000000000000000002F /* SceneRouter.swift */,
			AB1000000000000000000031 /* AudioManager.swift */,
		); path = Systems; sourceTree = "<group>"; };
		AB1000000000000000000065 /* Levels */ = {isa = PBXGroup; children = (
			AB1000000000000000000033 /* level-1-1.json */,
			AB1000000000000000000035 /* level-1-2.json */,
			AB1000000000000000000037 /* level-1-3.json */,
			AB1000000000000000000039 /* level-1-4.json */,
			AB100000000000000000003B /* level-1-5.json */,
		); path = Levels; sourceTree = "<group>"; };
		AB1000000000000000000066 /* Sounds */ = {isa = PBXGroup; children = (
			AB100000000000000000003D /* bgm.wav */,
			AB100000000000000000003F /* brick.wav */,
			AB1000000000000000000041 /* coin.wav */,
			AB1000000000000000000043 /* death.wav */,
			AB1000000000000000000045 /* fireball.wav */,
			AB1000000000000000000047 /* jump.wav */,
			AB1000000000000000000049 /* powerup.wav */,
			AB100000000000000000004B /* stomp.wav */,
			AB100000000000000000004D /* win.wav */,
		); path = Sounds; sourceTree = "<group>"; };
		AB1000000000000000000068 /* marioTests */ = {isa = PBXGroup; children = (
			AB1000000000000000000051 /* InputStateTests.swift */,
			AB1000000000000000000053 /* LevelLoaderTests.swift */,
			AB1000000000000000000055 /* PlayerTests.swift */,
			AB1000000000000000000057 /* EnemyTests.swift */,
			AB1000000000000000000059 /* ProgressStoreTests.swift */,
			AB100000000000000000005B /* PowerupTests.swift */,
			AB100000000000000000005D /* QuestionBlockTests.swift */,
			AB100000000000000000005F /* AudioManagerTests.swift */,
		); path = marioTests; sourceTree = "<group>"; };
/* End PBXGroup section */

/* Begin PBXNativeTarget section */
		AB100000000000000000006D /* mario */ = {isa = PBXNativeTarget; buildConfigurationList = AB1000000000000000000077; buildPhases = ( AB1000000000000000000070, AB1000000000000000000071, AB1000000000000000000072 ); buildRules = (); dependencies = (); name = mario; productName = mario; productReference = AB100000000000000000006B /* mario.app */; productType = "com.apple.product-type.application"; };
		AB100000000000000000006E /* marioTests */ = {isa = PBXNativeTarget; buildConfigurationList = AB1000000000000000000078; buildPhases = ( AB1000000000000000000073, AB1000000000000000000074, AB1000000000000000000075 ); buildRules = (); dependencies = ( AB100000000000000000007F ); name = marioTests; productName = marioTests; productReference = AB100000000000000000006C /* marioTests.xctest */; productType = "com.apple.product-type.bundle.unit-test"; };
/* End PBXNativeTarget section */

/* Begin PBXProject section */
		AB100000000000000000006F /* Project object */ = {isa = PBXProject; attributes = { BuildIndependentTargetsInParallel = 1; LastSwiftUpdateCheck = 1640; LastUpgradeCheck = 1640; TargetAttributes = { AB100000000000000000006D = { CreatedOnToolsVersion = 16.4; }; AB100000000000000000006E = { CreatedOnToolsVersion = 16.4; TestTargetID = AB100000000000000000006D; }; }; };
			buildConfigurationList = AB1000000000000000000076; compatibilityVersion = "Xcode 14.0"; developmentRegion = en; hasScannedForEncodings = 0; knownRegions = (en, Base); mainGroup = AB100000000000000000006A; productRefGroup = AB1000000000000000000069 /* Products */; projectDirPath = ""; projectRoot = ""; targets = ( AB100000000000000000006D /* mario */, AB100000000000000000006E /* marioTests */ ); };
/* End PBXProject section */

/* Begin PBXResourcesBuildPhase section */
		AB1000000000000000000072 = {isa = PBXResourcesBuildPhase; buildActionMask = 2147483647; files = (
			AB1000000000000000000050 /* Assets.xcassets in Resources */,
			AB1000000000000000000034 /* level-1-1.json in Resources */,
			AB1000000000000000000036 /* level-1-2.json in Resources */,
			AB1000000000000000000038 /* level-1-3.json in Resources */,
			AB100000000000000000003A /* level-1-4.json in Resources */,
			AB100000000000000000003C /* level-1-5.json in Resources */,
			AB100000000000000000003E /* bgm.wav in Resources */,
			AB1000000000000000000040 /* brick.wav in Resources */,
			AB1000000000000000000042 /* coin.wav in Resources */,
			AB1000000000000000000044 /* death.wav in Resources */,
			AB1000000000000000000046 /* fireball.wav in Resources */,
			AB1000000000000000000048 /* jump.wav in Resources */,
			AB100000000000000000004A /* powerup.wav in Resources */,
			AB100000000000000000004C /* stomp.wav in Resources */,
			AB100000000000000000004E /* win.wav in Resources */,
		); runOnlyForDeploymentPostprocessing = 0; };
		AB1000000000000000000075 = {isa = PBXResourcesBuildPhase; buildActionMask = 2147483647; files = (); runOnlyForDeploymentPostprocessing = 0; };
/* End PBXResourcesBuildPhase section */

/* Begin PBXSourcesBuildPhase section */
		AB1000000000000000000070 = {isa = PBXSourcesBuildPhase; buildActionMask = 2147483647; files = (
			AB1000000000000000000002 /* MarioApp.swift in Sources */,
			AB1000000000000000000004 /* ContentView.swift in Sources */,
			AB1000000000000000000006 /* GameScene.swift in Sources */,
			AB1000000000000000000008 /* HUDOverlay.swift in Sources */,
			AB100000000000000000000A /* TouchControls.swift in Sources */,
			AB100000000000000000000C /* ButtonNode.swift in Sources */,
			AB100000000000000000000E /* MenuScene.swift in Sources */,
			AB1000000000000000000010 /* LevelSelectScene.swift in Sources */,
			AB1000000000000000000012 /* Player.swift in Sources */,
			AB1000000000000000000014 /* Enemy.swift in Sources */,
			AB1000000000000000000016 /* KoopaEnemy.swift in Sources */,
			AB1000000000000000000018 /* FlyingEnemy.swift in Sources */,
			AB100000000000000000001A /* Coin.swift in Sources */,
			AB100000000000000000001C /* Flag.swift in Sources */,
			AB100000000000000000001E /* Mushroom.swift in Sources */,
			AB1000000000000000000020 /* FireFlower.swift in Sources */,
			AB1000000000000000000022 /* Fireball.swift in Sources */,
			AB1000000000000000000024 /* QuestionBlock.swift in Sources */,
			AB1000000000000000000026 /* PhysicsCategories.swift in Sources */,
			AB1000000000000000000028 /* InputState.swift in Sources */,
			AB100000000000000000002A /* LevelLoader.swift in Sources */,
			AB100000000000000000002C /* ProgressStore.swift in Sources */,
			AB100000000000000000002E /* GameConfig.swift in Sources */,
			AB1000000000000000000030 /* SceneRouter.swift in Sources */,
			AB1000000000000000000032 /* AudioManager.swift in Sources */,
		); runOnlyForDeploymentPostprocessing = 0; };
		AB1000000000000000000073 = {isa = PBXSourcesBuildPhase; buildActionMask = 2147483647; files = (
			AB1000000000000000000052 /* InputStateTests.swift in Sources */,
			AB1000000000000000000054 /* LevelLoaderTests.swift in Sources */,
			AB1000000000000000000056 /* PlayerTests.swift in Sources */,
			AB1000000000000000000058 /* EnemyTests.swift in Sources */,
			AB100000000000000000005A /* ProgressStoreTests.swift in Sources */,
			AB100000000000000000005C /* PowerupTests.swift in Sources */,
			AB100000000000000000005E /* QuestionBlockTests.swift in Sources */,
			AB1000000000000000000060 /* AudioManagerTests.swift in Sources */,
		); runOnlyForDeploymentPostprocessing = 0; };
/* End PBXSourcesBuildPhase section */

/* Begin PBXTargetDependency section */
		AB100000000000000000007F = {isa = PBXTargetDependency; target = AB100000000000000000006D /* mario */; targetProxy = AB1000000000000000000080; };
/* End PBXTargetDependency section */

/* Begin XCBuildConfiguration section */
		AB1000000000000000000079 /* Debug */ = {isa = XCBuildConfiguration; buildSettings = {
				ALWAYS_SEARCH_USER_PATHS = NO;
				CLANG_ANALYZER_NONNULL = YES;
				CLANG_ENABLE_MODULES = YES;
				CLANG_ENABLE_OBJC_ARC = YES;
				ENABLE_STRICT_OBJC_MSGSEND = YES;
				GCC_C_LANGUAGE_STANDARD = gnu17;
				GCC_NO_COMMON_BLOCKS = YES;
				IPHONEOS_DEPLOYMENT_TARGET = 17.0;
				SDKROOT = iphoneos;
				SWIFT_VERSION = 5.0;
				ENABLE_TESTABILITY = YES;
				GCC_OPTIMIZATION_LEVEL = 0;
				ONLY_ACTIVE_ARCH = YES;
				SWIFT_ACTIVE_COMPILATION_CONDITIONS = "DEBUG $(inherited)";
				SWIFT_OPTIMIZATION_LEVEL = "-Onone";
			}; name = Debug; };
		AB100000000000000000007A /* Release */ = {isa = XCBuildConfiguration; buildSettings = {
				ALWAYS_SEARCH_USER_PATHS = NO;
				CLANG_ANALYZER_NONNULL = YES;
				CLANG_ENABLE_MODULES = YES;
				CLANG_ENABLE_OBJC_ARC = YES;
				ENABLE_STRICT_OBJC_MSGSEND = YES;
				GCC_C_LANGUAGE_STANDARD = gnu17;
				GCC_NO_COMMON_BLOCKS = YES;
				IPHONEOS_DEPLOYMENT_TARGET = 17.0;
				SDKROOT = iphoneos;
				SWIFT_VERSION = 5.0;
				SWIFT_COMPILATION_MODE = wholemodule;
			}; name = Release; };
		AB100000000000000000007B /* Debug */ = {isa = XCBuildConfiguration; buildSettings = {
				ASSETCATALOG_COMPILER_APPICON_NAME = AppIcon;
				CODE_SIGN_STYLE = Automatic;
				CURRENT_PROJECT_VERSION = 1;
				DEVELOPMENT_TEAM = "";
				ENABLE_PREVIEWS = YES;
				GENERATE_INFOPLIST_FILE = YES;
				INFOPLIST_KEY_UILaunchScreen_Generation = YES;
				INFOPLIST_KEY_UIStatusBarHidden = YES;
				INFOPLIST_KEY_UISupportedInterfaceOrientations = "UIInterfaceOrientationLandscapeLeft UIInterfaceOrientationLandscapeRight";
				INFOPLIST_KEY_UISupportedInterfaceOrientations_iPad = "UIInterfaceOrientationLandscapeLeft UIInterfaceOrientationLandscapeRight";
				IPHONEOS_DEPLOYMENT_TARGET = 17.0;
				MARKETING_VERSION = 1.0;
				PRODUCT_BUNDLE_IDENTIFIER = com.example.mario;
				PRODUCT_NAME = "$(TARGET_NAME)";
				SDKROOT = iphoneos;
				SWIFT_EMIT_LOC_STRINGS = YES;
				SWIFT_VERSION = 5.0;
				TARGETED_DEVICE_FAMILY = "1,2";
			}; name = Debug; };
		AB100000000000000000007C /* Release */ = {isa = XCBuildConfiguration; buildSettings = {
				ASSETCATALOG_COMPILER_APPICON_NAME = AppIcon;
				CODE_SIGN_STYLE = Automatic;
				CURRENT_PROJECT_VERSION = 1;
				DEVELOPMENT_TEAM = "";
				ENABLE_PREVIEWS = YES;
				GENERATE_INFOPLIST_FILE = YES;
				INFOPLIST_KEY_UILaunchScreen_Generation = YES;
				INFOPLIST_KEY_UIStatusBarHidden = YES;
				INFOPLIST_KEY_UISupportedInterfaceOrientations = "UIInterfaceOrientationLandscapeLeft UIInterfaceOrientationLandscapeRight";
				INFOPLIST_KEY_UISupportedInterfaceOrientations_iPad = "UIInterfaceOrientationLandscapeLeft UIInterfaceOrientationLandscapeRight";
				IPHONEOS_DEPLOYMENT_TARGET = 17.0;
				MARKETING_VERSION = 1.0;
				PRODUCT_BUNDLE_IDENTIFIER = com.example.mario;
				PRODUCT_NAME = "$(TARGET_NAME)";
				SDKROOT = iphoneos;
				SWIFT_EMIT_LOC_STRINGS = YES;
				SWIFT_VERSION = 5.0;
				TARGETED_DEVICE_FAMILY = "1,2";
			}; name = Release; };
		AB100000000000000000007D /* Debug */ = {isa = XCBuildConfiguration; buildSettings = {
				BUNDLE_LOADER = "$(TEST_HOST)";
				CODE_SIGN_STYLE = Automatic;
				CURRENT_PROJECT_VERSION = 1;
				DEVELOPMENT_TEAM = "";
				GENERATE_INFOPLIST_FILE = YES;
				IPHONEOS_DEPLOYMENT_TARGET = 17.0;
				MARKETING_VERSION = 1.0;
				PRODUCT_BUNDLE_IDENTIFIER = com.example.marioTests;
				PRODUCT_NAME = "$(TARGET_NAME)";
				SDKROOT = iphoneos;
				SWIFT_EMIT_LOC_STRINGS = NO;
				SWIFT_VERSION = 5.0;
				TARGETED_DEVICE_FAMILY = "1,2";
				TEST_HOST = "$(BUILT_PRODUCTS_DIR)/mario.app/$(BUNDLE_EXECUTABLE_FOLDER_PATH)/mario";
			}; name = Debug; };
		AB100000000000000000007E /* Release */ = {isa = XCBuildConfiguration; buildSettings = {
				BUNDLE_LOADER = "$(TEST_HOST)";
				CODE_SIGN_STYLE = Automatic;
				CURRENT_PROJECT_VERSION = 1;
				DEVELOPMENT_TEAM = "";
				GENERATE_INFOPLIST_FILE = YES;
				IPHONEOS_DEPLOYMENT_TARGET = 17.0;
				MARKETING_VERSION = 1.0;
				PRODUCT_BUNDLE_IDENTIFIER = com.example.marioTests;
				PRODUCT_NAME = "$(TARGET_NAME)";
				SDKROOT = iphoneos;
				SWIFT_EMIT_LOC_STRINGS = NO;
				SWIFT_VERSION = 5.0;
				TARGETED_DEVICE_FAMILY = "1,2";
				TEST_HOST = "$(BUILT_PRODUCTS_DIR)/mario.app/$(BUNDLE_EXECUTABLE_FOLDER_PATH)/mario";
			}; name = Release; };
/* End XCBuildConfiguration section */

/* Begin XCConfigurationList section */
		AB1000000000000000000076 = {isa = XCConfigurationList; buildConfigurations = ( AB1000000000000000000079 /* Debug */, AB100000000000000000007A /* Release */ ); defaultConfigurationIsVisible = 0; defaultConfigurationName = Release; };
		AB1000000000000000000077 = {isa = XCConfigurationList; buildConfigurations = ( AB100000000000000000007B /* Debug */, AB100000000000000000007C /* Release */ ); defaultConfigurationIsVisible = 0; defaultConfigurationName = Release; };
		AB1000000000000000000078 = {isa = XCConfigurationList; buildConfigurations = ( AB100000000000000000007D /* Debug */, AB100000000000000000007E /* Release */ ); defaultConfigurationIsVisible = 0; defaultConfigurationName = Release; };
/* End XCConfigurationList section */
	};
	rootObject = AB100000000000000000006F /* Project object */;
}
